// !$*UTF8*$!
{
	archiveVersion = 1;
	classes = {
	};
	objectVersion = 50;
	objects = {

/* Begin PBXBuildFile section */
		BB42EA7A23415AAD00DCD3D5 /* Model.xcdatamodeld in Sources */ = {isa = PBXBuildFile; fileRef = BB42EA7823415AAD00DCD3D5 /* Model.xcdatamodeld */; };
		BB42EA7C23415C5500DCD3D5 /* CoreDataManager.swift in Sources */ = {isa = PBXBuildFile; fileRef = BB42EA7B23415C5500DCD3D5 /* CoreDataManager.swift */; };
		BB42EAAF23415E8200DCD3D5 /* Alert.swift in Sources */ = {isa = PBXBuildFile; fileRef = BB42EAAE23415E8200DCD3D5 /* Alert.swift */; };
		BB42EAB12341625900DCD3D5 /* Context+Alert.swift in Sources */ = {isa = PBXBuildFile; fileRef = BB42EAB02341625900DCD3D5 /* Context+Alert.swift */; };
		BB42EAB723416E2F00DCD3D5 /* AlertCell.swift in Sources */ = {isa = PBXBuildFile; fileRef = BB42EAB623416E2F00DCD3D5 /* AlertCell.swift */; };
		BB743F55233D775100E5F1F0 /* BatteryMonitor.swift in Sources */ = {isa = PBXBuildFile; fileRef = BB743F54233D775100E5F1F0 /* BatteryMonitor.swift */; };
		BB743F58233D7C1E00E5F1F0 /* RAMMonitor.swift in Sources */ = {isa = PBXBuildFile; fileRef = BB743F57233D7C1E00E5F1F0 /* RAMMonitor.swift */; };
		BB743F5B233D84F300E5F1F0 /* UIViewController+Additions.swift in Sources */ = {isa = PBXBuildFile; fileRef = BB743F5A233D84F300E5F1F0 /* UIViewController+Additions.swift */; };
		BB743F5D233D85E600E5F1F0 /* DashboardVC.swift in Sources */ = {isa = PBXBuildFile; fileRef = BB743F5C233D85E600E5F1F0 /* DashboardVC.swift */; };
		BB743F5F233D873300E5F1F0 /* SettingsVC.swift in Sources */ = {isa = PBXBuildFile; fileRef = BB743F5E233D873300E5F1F0 /* SettingsVC.swift */; };
		BB894553233AB357005F4C23 /* AppDelegate.swift in Sources */ = {isa = PBXBuildFile; fileRef = BB894552233AB357005F4C23 /* AppDelegate.swift */; };
		BB894557233AB357005F4C23 /* RootVC.swift in Sources */ = {isa = PBXBuildFile; fileRef = BB894556233AB357005F4C23 /* RootVC.swift */; };
		BB89455C233AB35B005F4C23 /* Assets.xcassets in Resources */ = {isa = PBXBuildFile; fileRef = BB89455B233AB35B005F4C23 /* Assets.xcassets */; };
		BB89455F233AB35B005F4C23 /* LaunchScreen.storyboard in Resources */ = {isa = PBXBuildFile; fileRef = BB89455D233AB35B005F4C23 /* LaunchScreen.storyboard */; };
		BB89456A233AB35B005F4C23 /* System_HealthTests.swift in Sources */ = {isa = PBXBuildFile; fileRef = BB894569233AB35B005F4C23 /* System_HealthTests.swift */; };
		BB894579233AB8F8005F4C23 /* CPUMonitor.swift in Sources */ = {isa = PBXBuildFile; fileRef = BB894578233AB8F8005F4C23 /* CPUMonitor.swift */; };
		BB89457B233AC6BA005F4C23 /* Monitor.swift in Sources */ = {isa = PBXBuildFile; fileRef = BB89457A233AC6BA005F4C23 /* Monitor.swift */; };
		BBB84BD3233FF759000D7619 /* Context.swift in Sources */ = {isa = PBXBuildFile; fileRef = BBB84BD2233FF759000D7619 /* Context.swift */; };
		BBB84BDA233FFE74000D7619 /* DashboardHeaderView.swift in Sources */ = {isa = PBXBuildFile; fileRef = BBB84BD9233FFE74000D7619 /* DashboardHeaderView.swift */; };
		BBB84BDC233FFE85000D7619 /* DashboardHeaderVM.swift in Sources */ = {isa = PBXBuildFile; fileRef = BBB84BDB233FFE85000D7619 /* DashboardHeaderVM.swift */; };
		BBB84BDE23400117000D7619 /* UITableView+Reusable.swift in Sources */ = {isa = PBXBuildFile; fileRef = BBB84BDD23400117000D7619 /* UITableView+Reusable.swift */; };
		BBB84BE023401893000D7619 /* SettingsStore.swift in Sources */ = {isa = PBXBuildFile; fileRef = BBB84BDF23401893000D7619 /* SettingsStore.swift */; };
		BBB84BE22340193A000D7619 /* AlertingPreferences.swift in Sources */ = {isa = PBXBuildFile; fileRef = BBB84BE12340193A000D7619 /* AlertingPreferences.swift */; };
		BBB84BE923402AA6000D7619 /* SwitchCell.swift in Sources */ = {isa = PBXBuildFile; fileRef = BBB84BE823402AA6000D7619 /* SwitchCell.swift */; };
		BBB84BEB23402EFD000D7619 /* ThresholdCell.swift in Sources */ = {isa = PBXBuildFile; fileRef = BBB84BEA23402EFD000D7619 /* ThresholdCell.swift */; };
/* End PBXBuildFile section */

/* Begin PBXContainerItemProxy section */
		BB894566233AB35B005F4C23 /* PBXContainerItemProxy */ = {
			isa = PBXContainerItemProxy;
			containerPortal = BB894547233AB357005F4C23 /* Project object */;
			proxyType = 1;
			remoteGlobalIDString = BB89454E233AB357005F4C23;
			remoteInfo = "System Health";
		};
/* End PBXContainerItemProxy section */

/* Begin PBXFileReference section */
		BB42EA7923415AAD00DCD3D5 /* Model.xcdatamodel */ = {isa = PBXFileReference; lastKnownFileType = wrapper.xcdatamodel; path = Model.xcdatamodel; sourceTree = "<group>"; };
		BB42EA7B23415C5500DCD3D5 /* CoreDataManager.swift */ = {isa = PBXFileReference; lastKnownFileType = sourcecode.swift; path = CoreDataManager.swift; sourceTree = "<group>"; };
		BB42EAAE23415E8200DCD3D5 /* Alert.swift */ = {isa = PBXFileReference; lastKnownFileType = sourcecode.swift; path = Alert.swift; sourceTree = "<group>"; };
		BB42EAB02341625900DCD3D5 /* Context+Alert.swift */ = {isa = PBXFileReference; lastKnownFileType = sourcecode.swift; path = "Context+Alert.swift"; sourceTree = "<group>"; };
		BB42EAB623416E2F00DCD3D5 /* AlertCell.swift */ = {isa = PBXFileReference; lastKnownFileType = sourcecode.swift; path = AlertCell.swift; sourceTree = "<group>"; };
		BB743F54233D775100E5F1F0 /* BatteryMonitor.swift */ = {isa = PBXFileReference; lastKnownFileType = sourcecode.swift; path = BatteryMonitor.swift; sourceTree = "<group>"; };
		BB743F57233D7C1E00E5F1F0 /* RAMMonitor.swift */ = {isa = PBXFileReference; lastKnownFileType = sourcecode.swift; path = RAMMonitor.swift; sourceTree = "<group>"; };
		BB743F5A233D84F300E5F1F0 /* UIViewController+Additions.swift */ = {isa = PBXFileReference; lastKnownFileType = sourcecode.swift; path = "UIViewController+Additions.swift"; sourceTree = "<group>"; };
		BB743F5C233D85E600E5F1F0 /* DashboardVC.swift */ = {isa = PBXFileReference; lastKnownFileType = sourcecode.swift; path = DashboardVC.swift; sourceTree = "<group>"; };
		BB743F5E233D873300E5F1F0 /* SettingsVC.swift */ = {isa = PBXFileReference; lastKnownFileType = sourcecode.swift; path = SettingsVC.swift; sourceTree = "<group>"; };
		BB89454F233AB357005F4C23 /* System Health.app */ = {isa = PBXFileReference; explicitFileType = wrapper.application; includeInIndex = 0; path = "System Health.app"; sourceTree = BUILT_PRODUCTS_DIR; };
		BB894552233AB357005F4C23 /* AppDelegate.swift */ = {isa = PBXFileReference; lastKnownFileType = sourcecode.swift; path = AppDelegate.swift; sourceTree = "<group>"; };
		BB894556233AB357005F4C23 /* RootVC.swift */ = {isa = PBXFileReference; lastKnownFileType = sourcecode.swift; path = RootVC.swift; sourceTree = "<group>"; };
		BB89455B233AB35B005F4C23 /* Assets.xcassets */ = {isa = PBXFileReference; lastKnownFileType = folder.assetcatalog; path = Assets.xcassets; sourceTree = "<group>"; };
		BB89455E233AB35B005F4C23 /* Base */ = {isa = PBXFileReference; lastKnownFileType = file.storyboard; name = Base; path = Base.lproj/LaunchScreen.storyboard; sourceTree = "<group>"; };
		BB894560233AB35B005F4C23 /* Info.plist */ = {isa = PBXFileReference; lastKnownFileType = text.plist.xml; path = Info.plist; sourceTree = "<group>"; };
		BB894565233AB35B005F4C23 /* System HealthTests.xctest */ = {isa = PBXFileReference; explicitFileType = wrapper.cfbundle; includeInIndex = 0; path = "System HealthTests.xctest"; sourceTree = BUILT_PRODUCTS_DIR; };
		BB894569233AB35B005F4C23 /* System_HealthTests.swift */ = {isa = PBXFileReference; lastKnownFileType = sourcecode.swift; path = System_HealthTests.swift; sourceTree = "<group>"; };
		BB89456B233AB35B005F4C23 /* Info.plist */ = {isa = PBXFileReference; lastKnownFileType = text.plist.xml; path = Info.plist; sourceTree = "<group>"; };
		BB894578233AB8F8005F4C23 /* CPUMonitor.swift */ = {isa = PBXFileReference; lastKnownFileType = sourcecode.swift; path = CPUMonitor.swift; sourceTree = "<group>"; };
		BB89457A233AC6BA005F4C23 /* Monitor.swift */ = {isa = PBXFileReference; lastKnownFileType = sourcecode.swift; path = Monitor.swift; sourceTree = "<group>"; };
		BBB84BD2233FF759000D7619 /* Context.swift */ = {isa = PBXFileReference; lastKnownFileType = sourcecode.swift; path = Context.swift; sourceTree = "<group>"; };
		BBB84BD9233FFE74000D7619 /* DashboardHeaderView.swift */ = {isa = PBXFileReference; lastKnownFileType = sourcecode.swift; path = DashboardHeaderView.swift; sourceTree = "<group>"; };
		BBB84BDB233FFE85000D7619 /* DashboardHeaderVM.swift */ = {isa = PBXFileReference; lastKnownFileType = sourcecode.swift; path = DashboardHeaderVM.swift; sourceTree = "<group>"; };
		BBB84BDD23400117000D7619 /* UITableView+Reusable.swift */ = {isa = PBXFileReference; lastKnownFileType = sourcecode.swift; path = "UITableView+Reusable.swift"; sourceTree = "<group>"; };
		BBB84BDF23401893000D7619 /* SettingsStore.swift */ = {isa = PBXFileReference; lastKnownFileType = sourcecode.swift; path = SettingsStore.swift; sourceTree = "<group>"; };
		BBB84BE12340193A000D7619 /* AlertingPreferences.swift */ = {isa = PBXFileReference; lastKnownFileType = sourcecode.swift; path = AlertingPreferences.swift; sourceTree = "<group>"; };
		BBB84BE823402AA6000D7619 /* SwitchCell.swift */ = {isa = PBXFileReference; lastKnownFileType = sourcecode.swift; path = SwitchCell.swift; sourceTree = "<group>"; };
		BBB84BEA23402EFD000D7619 /* ThresholdCell.swift */ = {isa = PBXFileReference; lastKnownFileType = sourcecode.swift; path = ThresholdCell.swift; sourceTree = "<group>"; };
/* End PBXFileReference section */

/* Begin PBXFrameworksBuildPhase section */
		BB89454C233AB357005F4C23 /* Frameworks */ = {
			isa = PBXFrameworksBuildPhase;
			buildActionMask = 2147483647;
			files = (
			);
			runOnlyForDeploymentPostprocessing = 0;
		};
		BB894562233AB35B005F4C23 /* Frameworks */ = {
			isa = PBXFrameworksBuildPhase;
			buildActionMask = 2147483647;
			files = (
			);
			runOnlyForDeploymentPostprocessing = 0;
		};
/* End PBXFrameworksBuildPhase section */

/* Begin PBXGroup section */
		BB743F56233D7BBE00E5F1F0 /* Monitoring */ = {
			isa = PBXGroup;
			children = (
				BB89457A233AC6BA005F4C23 /* Monitor.swift */,
				BB894578233AB8F8005F4C23 /* CPUMonitor.swift */,
				BB743F54233D775100E5F1F0 /* BatteryMonitor.swift */,
				BB743F57233D7C1E00E5F1F0 /* RAMMonitor.swift */,
			);
			path = Monitoring;
			sourceTree = "<group>";
		};
		BB743F59233D84DF00E5F1F0 /* Helpers */ = {
			isa = PBXGroup;
			children = (
				BB743F5A233D84F300E5F1F0 /* UIViewController+Additions.swift */,
				BBB84BDD23400117000D7619 /* UITableView+Reusable.swift */,
			);
			path = Helpers;
			sourceTree = "<group>";
		};
		BB894546233AB357005F4C23 = {
			isa = PBXGroup;
			children = (
				BB894551233AB357005F4C23 /* System Health */,
				BB894568233AB35B005F4C23 /* System HealthTests */,
				BB894550233AB357005F4C23 /* Products */,
			);
			sourceTree = "<group>";
		};
		BB894550233AB357005F4C23 /* Products */ = {
			isa = PBXGroup;
			children = (
				BB89454F233AB357005F4C23 /* System Health.app */,
				BB894565233AB35B005F4C23 /* System HealthTests.xctest */,
			);
			name = Products;
			sourceTree = "<group>";
		};
		BB894551233AB357005F4C23 /* System Health */ = {
			isa = PBXGroup;
			children = (
				BB894552233AB357005F4C23 /* AppDelegate.swift */,
				BBB84BD8233FFD14000D7619 /* UI */,
				BB743F56233D7BBE00E5F1F0 /* Monitoring */,
				BBB84BD1233FF73E000D7619 /* Context */,
				BB743F59233D84DF00E5F1F0 /* Helpers */,
				BB894577233AB7A5005F4C23 /* Ressources */,
				BB894560233AB35B005F4C23 /* Info.plist */,
			);
			path = "System Health";
			sourceTree = "<group>";
		};
		BB894568233AB35B005F4C23 /* System HealthTests */ = {
			isa = PBXGroup;
			children = (
				BB894569233AB35B005F4C23 /* System_HealthTests.swift */,
				BB89456B233AB35B005F4C23 /* Info.plist */,
			);
			path = "System HealthTests";
			sourceTree = "<group>";
		};
		BB894577233AB7A5005F4C23 /* Ressources */ = {
			isa = PBXGroup;
			children = (
				BB89455B233AB35B005F4C23 /* Assets.xcassets */,
				BB89455D233AB35B005F4C23 /* LaunchScreen.storyboard */,
			);
			path = Ressources;
			sourceTree = "<group>";
		};
		BBB84BD1233FF73E000D7619 /* Context */ = {
			isa = PBXGroup;
			children = (
				BBB84BD2233FF759000D7619 /* Context.swift */,
				BB42EAB02341625900DCD3D5 /* Context+Alert.swift */,
				BBB84BDF23401893000D7619 /* SettingsStore.swift */,
				BBB84BE12340193A000D7619 /* AlertingPreferences.swift */,
				BB42EA7B23415C5500DCD3D5 /* CoreDataManager.swift */,
				BB42EAAE23415E8200DCD3D5 /* Alert.swift */,
				BB42EA7823415AAD00DCD3D5 /* Model.xcdatamodeld */,
			);
			path = Context;
			sourceTree = "<group>";
		};
		BBB84BD8233FFD14000D7619 /* UI */ = {
			isa = PBXGroup;
			children = (
				BB894556233AB357005F4C23 /* RootVC.swift */,
				BBB84BED234034B3000D7619 /* Dashboard */,
				BBB84BEC234034A9000D7619 /* Settings */,
			);
			path = UI;
			sourceTree = "<group>";
		};
		BBB84BEC234034A9000D7619 /* Settings */ = {
			isa = PBXGroup;
			children = (
				BB743F5E233D873300E5F1F0 /* SettingsVC.swift */,
				BBB84BE823402AA6000D7619 /* SwitchCell.swift */,
				BBB84BEA23402EFD000D7619 /* ThresholdCell.swift */,
			);
			path = Settings;
			sourceTree = "<group>";
		};
		BBB84BED234034B3000D7619 /* Dashboard */ = {
			isa = PBXGroup;
			children = (
				BB743F5C233D85E600E5F1F0 /* DashboardVC.swift */,
				BBB84BD9233FFE74000D7619 /* DashboardHeaderView.swift */,
				BBB84BDB233FFE85000D7619 /* DashboardHeaderVM.swift */,
				BB42EAB623416E2F00DCD3D5 /* AlertCell.swift */,
			);
			path = Dashboard;
			sourceTree = "<group>";
		};
/* End PBXGroup section */

/* Begin PBXNativeTarget section */
		BB89454E233AB357005F4C23 /* System Health */ = {
			isa = PBXNativeTarget;
			buildConfigurationList = BB89456E233AB35C005F4C23 /* Build configuration list for PBXNativeTarget "System Health" */;
			buildPhases = (
				BB89454B233AB357005F4C23 /* Sources */,
				BB89454C233AB357005F4C23 /* Frameworks */,
				BB89454D233AB357005F4C23 /* Resources */,
			);
			buildRules = (
			);
			dependencies = (
			);
			name = "System Health";
			productName = "System Health";
			productReference = BB89454F233AB357005F4C23 /* System Health.app */;
			productType = "com.apple.product-type.application";
		};
		BB894564233AB35B005F4C23 /* System HealthTests */ = {
			isa = PBXNativeTarget;
			buildConfigurationList = BB894571233AB35C005F4C23 /* Build configuration list for PBXNativeTarget "System HealthTests" */;
			buildPhases = (
				BB894561233AB35B005F4C23 /* Sources */,
				BB894562233AB35B005F4C23 /* Frameworks */,
				BB894563233AB35B005F4C23 /* Resources */,
			);
			buildRules = (
			);
			dependencies = (
				BB894567233AB35B005F4C23 /* PBXTargetDependency */,
			);
			name = "System HealthTests";
			productName = "System HealthTests";
			productReference = BB894565233AB35B005F4C23 /* System HealthTests.xctest */;
			productType = "com.apple.product-type.bundle.unit-test";
		};
/* End PBXNativeTarget section */

/* Begin PBXProject section */
		BB894547233AB357005F4C23 /* Project object */ = {
			isa = PBXProject;
			attributes = {
				LastSwiftUpdateCheck = 1100;
				LastUpgradeCheck = 1100;
				ORGANIZATIONNAME = adhumi;
				TargetAttributes = {
					BB89454E233AB357005F4C23 = {
						CreatedOnToolsVersion = 11.0;
					};
					BB894564233AB35B005F4C23 = {
						CreatedOnToolsVersion = 11.0;
						TestTargetID = BB89454E233AB357005F4C23;
					};
				};
			};
			buildConfigurationList = BB89454A233AB357005F4C23 /* Build configuration list for PBXProject "System Health" */;
			compatibilityVersion = "Xcode 9.3";
			developmentRegion = en;
			hasScannedForEncodings = 0;
			knownRegions = (
				en,
				Base,
			);
			mainGroup = BB894546233AB357005F4C23;
			productRefGroup = BB894550233AB357005F4C23 /* Products */;
			projectDirPath = "";
			projectRoot = "";
			targets = (
				BB89454E233AB357005F4C23 /* System Health */,
				BB894564233AB35B005F4C23 /* System HealthTests */,
			);
		};
/* End PBXProject section */

/* Begin PBXResourcesBuildPhase section */
		BB89454D233AB357005F4C23 /* Resources */ = {
			isa = PBXResourcesBuildPhase;
			buildActionMask = 2147483647;
			files = (
				BB89455F233AB35B005F4C23 /* LaunchScreen.storyboard in Resources */,
				BB89455C233AB35B005F4C23 /* Assets.xcassets in Resources */,
			);
			runOnlyForDeploymentPostprocessing = 0;
		};
		BB894563233AB35B005F4C23 /* Resources */ = {
			isa = PBXResourcesBuildPhase;
			buildActionMask = 2147483647;
			files = (
			);
			runOnlyForDeploymentPostprocessing = 0;
		};
/* End PBXResourcesBuildPhase section */

/* Begin PBXSourcesBuildPhase section */
		BB89454B233AB357005F4C23 /* Sources */ = {
			isa = PBXSourcesBuildPhase;
			buildActionMask = 2147483647;
			files = (
				BB89457B233AC6BA005F4C23 /* Monitor.swift in Sources */,
				BB743F5B233D84F300E5F1F0 /* UIViewController+Additions.swift in Sources */,
				BBB84BDE23400117000D7619 /* UITableView+Reusable.swift in Sources */,
				BB42EAB12341625900DCD3D5 /* Context+Alert.swift in Sources */,
				BB42EA7C23415C5500DCD3D5 /* CoreDataManager.swift in Sources */,
				BBB84BE22340193A000D7619 /* AlertingPreferences.swift in Sources */,
				BB894557233AB357005F4C23 /* RootVC.swift in Sources */,
				BB42EA7A23415AAD00DCD3D5 /* Model.xcdatamodeld in Sources */,
				BBB84BDA233FFE74000D7619 /* DashboardHeaderView.swift in Sources */,
				BBB84BEB23402EFD000D7619 /* ThresholdCell.swift in Sources */,
				BBB84BD3233FF759000D7619 /* Context.swift in Sources */,
				BB894553233AB357005F4C23 /* AppDelegate.swift in Sources */,
				BBB84BDC233FFE85000D7619 /* DashboardHeaderVM.swift in Sources */,
				BB743F58233D7C1E00E5F1F0 /* RAMMonitor.swift in Sources */,
				BB743F5D233D85E600E5F1F0 /* DashboardVC.swift in Sources */,
				BBB84BE023401893000D7619 /* SettingsStore.swift in Sources */,
				BB743F55233D775100E5F1F0 /* BatteryMonitor.swift in Sources */,
				BBB84BE923402AA6000D7619 /* SwitchCell.swift in Sources */,
				BB42EAB723416E2F00DCD3D5 /* AlertCell.swift in Sources */,
				BB894579233AB8F8005F4C23 /* CPUMonitor.swift in Sources */,
				BB42EAAF23415E8200DCD3D5 /* Alert.swift in Sources */,
				BB743F5F233D873300E5F1F0 /* SettingsVC.swift in Sources */,
			);
			runOnlyForDeploymentPostprocessing = 0;
		};
		BB894561233AB35B005F4C23 /* Sources */ = {
			isa = PBXSourcesBuildPhase;
			buildActionMask = 2147483647;
			files = (
				BB89456A233AB35B005F4C23 /* System_HealthTests.swift in Sources */,
			);
			runOnlyForDeploymentPostprocessing = 0;
		};
/* End PBXSourcesBuildPhase section */

/* Begin PBXTargetDependency section */
		BB894567233AB35B005F4C23 /* PBXTargetDependency */ = {
			isa = PBXTargetDependency;
			target = BB89454E233AB357005F4C23 /* System Health */;
			targetProxy = BB894566233AB35B005F4C23 /* PBXContainerItemProxy */;
		};
/* End PBXTargetDependency section */

/* Begin PBXVariantGroup section */
		BB89455D233AB35B005F4C23 /* LaunchScreen.storyboard */ = {
			isa = PBXVariantGroup;
			children = (
				BB89455E233AB35B005F4C23 /* Base */,
			);
			name = LaunchScreen.storyboard;
			sourceTree = "<group>";
		};
/* End PBXVariantGroup section */

/* Begin XCBuildConfiguration section */
		BB89456C233AB35C005F4C23 /* Debug */ = {
			isa = XCBuildConfiguration;
			buildSettings = {
				ALWAYS_SEARCH_USER_PATHS = NO;
				CLANG_ANALYZER_NONNULL = YES;
				CLANG_ANALYZER_NUMBER_OBJECT_CONVERSION = YES_AGGRESSIVE;
				CLANG_CXX_LANGUAGE_STANDARD = "gnu++14";
				CLANG_CXX_LIBRARY = "libc++";
				CLANG_ENABLE_MODULES = YES;
				CLANG_ENABLE_OBJC_ARC = YES;
				CLANG_ENABLE_OBJC_WEAK = YES;
				CLANG_WARN_BLOCK_CAPTURE_AUTORELEASING = YES;
				CLANG_WARN_BOOL_CONVERSION = YES;
				CLANG_WARN_COMMA = YES;
				CLANG_WARN_CONSTANT_CONVERSION = YES;
				CLANG_WARN_DEPRECATED_OBJC_IMPLEMENTATIONS = YES;
				CLANG_WARN_DIRECT_OBJC_ISA_USAGE = YES_ERROR;
				CLANG_WARN_DOCUMENTATION_COMMENTS = YES;
				CLANG_WARN_EMPTY_BODY = YES;
				CLANG_WARN_ENUM_CONVERSION = YES;
				CLANG_WARN_INFINITE_RECURSION = YES;
				CLANG_WARN_INT_CONVERSION = YES;
				CLANG_WARN_NON_LITERAL_NULL_CONVERSION = YES;
				CLANG_WARN_OBJC_IMPLICIT_RETAIN_SELF = YES;
				CLANG_WARN_OBJC_LITERAL_CONVERSION = YES;
				CLANG_WARN_OBJC_ROOT_CLASS = YES_ERROR;
				CLANG_WARN_RANGE_LOOP_ANALYSIS = YES;
				CLANG_WARN_STRICT_PROTOTYPES = YES;
				CLANG_WARN_SUSPICIOUS_MOVE = YES;
				CLANG_WARN_UNGUARDED_AVAILABILITY = YES_AGGRESSIVE;
				CLANG_WARN_UNREACHABLE_CODE = YES;
				CLANG_WARN__DUPLICATE_METHOD_MATCH = YES;
				COPY_PHASE_STRIP = NO;
				DEBUG_INFORMATION_FORMAT = dwarf;
				ENABLE_STRICT_OBJC_MSGSEND = YES;
				ENABLE_TESTABILITY = YES;
				GCC_C_LANGUAGE_STANDARD = gnu11;
				GCC_DYNAMIC_NO_PIC = NO;
				GCC_NO_COMMON_BLOCKS = YES;
				GCC_OPTIMIZATION_LEVEL = 0;
				GCC_PREPROCESSOR_DEFINITIONS = (
					"DEBUG=1",
					"$(inherited)",
				);
				GCC_WARN_64_TO_32_BIT_CONVERSION = YES;
				GCC_WARN_ABOUT_RETURN_TYPE = YES_ERROR;
				GCC_WARN_UNDECLARED_SELECTOR = YES;
				GCC_WARN_UNINITIALIZED_AUTOS = YES_AGGRESSIVE;
				GCC_WARN_UNUSED_FUNCTION = YES;
				GCC_WARN_UNUSED_VARIABLE = YES;
				IPHONEOS_DEPLOYMENT_TARGET = 13.0;
				MTL_ENABLE_DEBUG_INFO = INCLUDE_SOURCE;
				MTL_FAST_MATH = YES;
				ONLY_ACTIVE_ARCH = YES;
				SDKROOT = iphoneos;
				SWIFT_ACTIVE_COMPILATION_CONDITIONS = DEBUG;
				SWIFT_OPTIMIZATION_LEVEL = "-Onone";
			};
			name = Debug;
		};
		BB89456D233AB35C005F4C23 /* Release */ = {
			isa = XCBuildConfiguration;
			buildSettings = {
				ALWAYS_SEARCH_USER_PATHS = NO;
				CLANG_ANALYZER_NONNULL = YES;
				CLANG_ANALYZER_NUMBER_OBJECT_CONVERSION = YES_AGGRESSIVE;
				CLANG_CXX_LANGUAGE_STANDARD = "gnu++14";
				CLANG_CXX_LIBRARY = "libc++";
				CLANG_ENABLE_MODULES = YES;
				CLANG_ENABLE_OBJC_ARC = YES;
				CLANG_ENABLE_OBJC_WEAK = YES;
				CLANG_WARN_BLOCK_CAPTURE_AUTORELEASING = YES;
				CLANG_WARN_BOOL_CONVERSION = YES;
				CLANG_WARN_COMMA = YES;
				CLANG_WARN_CONSTANT_CONVERSION = YES;
				CLANG_WARN_DEPRECATED_OBJC_IMPLEMENTATIONS = YES;
				CLANG_WARN_DIRECT_OBJC_ISA_USAGE = YES_ERROR;
				CLANG_WARN_DOCUMENTATION_COMMENTS = YES;
				CLANG_WARN_EMPTY_BODY = YES;
				CLANG_WARN_ENUM_CONVERSION = YES;
				CLANG_WARN_INFINITE_RECURSION = YES;
				CLANG_WARN_INT_CONVERSION = YES;
				CLANG_WARN_NON_LITERAL_NULL_CONVERSION = YES;
				CLANG_WARN_OBJC_IMPLICIT_RETAIN_SELF = YES;
				CLANG_WARN_OBJC_LITERAL_CONVERSION = YES;
				CLANG_WARN_OBJC_ROOT_CLASS = YES_ERROR;
				CLANG_WARN_RANGE_LOOP_ANALYSIS = YES;
				CLANG_WARN_STRICT_PROTOTYPES = YES;
				CLANG_WARN_SUSPICIOUS_MOVE = YES;
				CLANG_WARN_UNGUARDED_AVAILABILITY = YES_AGGRESSIVE;
				CLANG_WARN_UNREACHABLE_CODE = YES;
				CLANG_WARN__DUPLICATE_METHOD_MATCH = YES;
				COPY_PHASE_STRIP = NO;
				DEBUG_INFORMATION_FORMAT = "dwarf-with-dsym";
				ENABLE_NS_ASSERTIONS = NO;
				ENABLE_STRICT_OBJC_MSGSEND = YES;
				GCC_C_LANGUAGE_STANDARD = gnu11;
				GCC_NO_COMMON_BLOCKS = YES;
				GCC_WARN_64_TO_32_BIT_CONVERSION = YES;
				GCC_WARN_ABOUT_RETURN_TYPE = YES_ERROR;
				GCC_WARN_UNDECLARED_SELECTOR = YES;
				GCC_WARN_UNINITIALIZED_AUTOS = YES_AGGRESSIVE;
				GCC_WARN_UNUSED_FUNCTION = YES;
				GCC_WARN_UNUSED_VARIABLE = YES;
				IPHONEOS_DEPLOYMENT_TARGET = 13.0;
				MTL_ENABLE_DEBUG_INFO = NO;
				MTL_FAST_MATH = YES;
				SDKROOT = iphoneos;
				SWIFT_COMPILATION_MODE = wholemodule;
				SWIFT_OPTIMIZATION_LEVEL = "-O";
				VALIDATE_PRODUCT = YES;
			};
			name = Release;
		};
		BB89456F233AB35C005F4C23 /* Debug */ = {
			isa = XCBuildConfiguration;
			buildSettings = {
				ASSETCATALOG_COMPILER_APPICON_NAME = AppIcon;
				CODE_SIGN_STYLE = Automatic;
				DEVELOPMENT_TEAM = E873B24XVN;
				INFOPLIST_FILE = "System Health/Info.plist";
				LD_RUNPATH_SEARCH_PATHS = (
					"$(inherited)",
					"@executable_path/Frameworks",
				);
				PRODUCT_BUNDLE_IDENTIFIER = "fr.adhumi.System-Health";
				PRODUCT_NAME = "$(TARGET_NAME)";
				SWIFT_VERSION = 5.0;
				TARGETED_DEVICE_FAMILY = 1;
			};
			name = Debug;
		};
		BB894570233AB35C005F4C23 /* Release */ = {
			isa = XCBuildConfiguration;
			buildSettings = {
				ASSETCATALOG_COMPILER_APPICON_NAME = AppIcon;
				CODE_SIGN_STYLE = Automatic;
				DEVELOPMENT_TEAM = E873B24XVN;
				INFOPLIST_FILE = "System Health/Info.plist";
				LD_RUNPATH_SEARCH_PATHS = (
					"$(inherited)",
					"@executable_path/Frameworks",
				);
				PRODUCT_BUNDLE_IDENTIFIER = "fr.adhumi.System-Health";
				PRODUCT_NAME = "$(TARGET_NAME)";
				SWIFT_VERSION = 5.0;
				TARGETED_DEVICE_FAMILY = 1;
			};
			name = Release;
		};
		BB894572233AB35C005F4C23 /* Debug */ = {
			isa = XCBuildConfiguration;
			buildSettings = {
				ALWAYS_EMBED_SWIFT_STANDARD_LIBRARIES = YES;
				BUNDLE_LOADER = "$(TEST_HOST)";
				CODE_SIGN_STYLE = Automatic;
				DEVELOPMENT_TEAM = E873B24XVN;
				INFOPLIST_FILE = "System HealthTests/Info.plist";
				IPHONEOS_DEPLOYMENT_TARGET = 13.0;
				LD_RUNPATH_SEARCH_PATHS = (
					"$(inherited)",
					"@executable_path/Frameworks",
					"@loader_path/Frameworks",
				);
				PRODUCT_BUNDLE_IDENTIFIER = "fr.adhumi.System-HealthTests";
				PRODUCT_NAME = "$(TARGET_NAME)";
				SWIFT_VERSION = 5.0;
				TARGETED_DEVICE_FAMILY = "1,2";
				TEST_HOST = "$(BUILT_PRODUCTS_DIR)/System Health.app/System Health";
			};
			name = Debug;
		};
		BB894573233AB35C005F4C23 /* Release */ = {
			isa = XCBuildConfiguration;
			buildSettings = {
				ALWAYS_EMBED_SWIFT_STANDARD_LIBRARIES = YES;
				BUNDLE_LOADER = "$(TEST_HOST)";
				CODE_SIGN_STYLE = Automatic;
				DEVELOPMENT_TEAM = E873B24XVN;
				INFOPLIST_FILE = "System HealthTests/Info.plist";
				IPHONEOS_DEPLOYMENT_TARGET = 13.0;
				LD_RUNPATH_SEARCH_PATHS = (
					"$(inherited)",
					"@executable_path/Frameworks",
					"@loader_path/Frameworks",
				);
				PRODUCT_BUNDLE_IDENTIFIER = "fr.adhumi.System-HealthTests";
				PRODUCT_NAME = "$(TARGET_NAME)";
				SWIFT_VERSION = 5.0;
				TARGETED_DEVICE_FAMILY = "1,2";
				TEST_HOST = "$(BUILT_PRODUCTS_DIR)/System Health.app/System Health";
			};
			name = Release;
		};
/* End XCBuildConfiguration section */

/* Begin XCConfigurationList section */
		BB89454A233AB357005F4C23 /* Build configuration list for PBXProject "System Health" */ = {
			isa = XCConfigurationList;
			buildConfigurations = (
				BB89456C233AB35C005F4C23 /* Debug */,
				BB89456D233AB35C005F4C23 /* Release */,
			);
			defaultConfigurationIsVisible = 0;
			defaultConfigurationName = Release;
		};
		BB89456E233AB35C005F4C23 /* Build configuration list for PBXNativeTarget "System Health" */ = {
			isa = XCConfigurationList;
			buildConfigurations = (
				BB89456F233AB35C005F4C23 /* Debug */,
				BB894570233AB35C005F4C23 /* Release */,
			);
			defaultConfigurationIsVisible = 0;
			defaultConfigurationName = Release;
		};
		BB894571233AB35C005F4C23 /* Build configuration list for PBXNativeTarget "System HealthTests" */ = {
			isa = XCConfigurationList;
			buildConfigurations = (
				BB894572233AB35C005F4C23 /* Debug */,
				BB894573233AB35C005F4C23 /* Release */,
			);
			defaultConfigurationIsVisible = 0;
			defaultConfigurationName = Release;
		};
/* End XCConfigurationList section */

/* Begin XCVersionGroup section */
		BB42EA7823415AAD00DCD3D5 /* Model.xcdatamodeld */ = {
			isa = XCVersionGroup;
			children = (
				BB42EA7923415AAD00DCD3D5 /* Model.xcdatamodel */,
			);
			currentVersion = BB42EA7923415AAD00DCD3D5 /* Model.xcdatamodel */;
			path = Model.xcdatamodeld;
			sourceTree = "<group>";
			versionGroupType = wrapper.xcdatamodel;
		};
/* End XCVersionGroup section */
	};
	rootObject = BB894547233AB357005F4C23 /* Project object */;
}
